
Microsoft Visual Studio Solution File, Format Version 12.00
# Visual Studio 14
VisualStudioVersion = 14.0.25420.1
MinimumVisualStudioVersion = 10.0.40219.1
Project("{FAE04EC0-301F-11D3-BF4B-00C04F79EFBC}") = "Sales", "Sales\Sales.csproj", "{541141A3-48DB-4B62-AB4F-28AFA3B05248}"
EndProject
Project("{FAE04EC0-301F-11D3-BF4B-00C04F79EFBC}") = "DAL", "DAL\DAL.csproj", "{FF13C2BF-5E1D-4A6E-806B-FC653C93A92A}"
EndProject
Project("{FAE04EC0-301F-11D3-BF4B-00C04F79EFBC}") = "Model", "Model\Model.csproj", "{88B32728-2906-4C46-9EEE-4EA8CE05811A}"
EndProject
Project("{FAE04EC0-301F-11D3-BF4B-00C04F79EFBC}") = "ConsoleSales", "ConsoleSales\ConsoleSales.csproj", "{5A36CA1E-8EBE-43C4-ABA2-996E62C39875}"
EndProject
Project("{FAE04EC0-301F-11D3-BF4B-00C04F79EFBC}") = "SalesBL", "SalesBL\SalesBL.csproj", "{6403CB91-6796-4D39-81A5-A247C7DDDEBB}"
EndProject
Global
	GlobalSection(SolutionConfigurationPlatforms) = preSolution
		Debug|Any CPU = Debug|Any CPU
		Release|Any CPU = Release|Any CPU
	EndGlobalSection
	GlobalSection(ProjectConfigurationPlatforms) = postSolution
		{541141A3-48DB-4B62-AB4F-28AFA3B05248}.Debug|Any CPU.ActiveCfg = Debug|Any CPU
		{541141A3-48DB-4B62-AB4F-28AFA3B05248}.Debug|Any CPU.Build.0 = Debug|Any CPU
		{541141A3-48DB-4B62-AB4F-28AFA3B05248}.Release|Any CPU.ActiveCfg = Release|Any CPU
		{541141A3-48DB-4B62-AB4F-28AFA3B05248}.Release|Any CPU.Build.0 = Release|Any CPU
		{FF13C2BF-5E1D-4A6E-806B-FC653C93A92A}.Debug|Any CPU.ActiveCfg = Debug|Any CPU
		{FF13C2BF-5E1D-4A6E-806B-FC653C93A92A}.Debug|Any CPU.Build.0 = Debug|Any CPU
		{FF13C2BF-5E1D-4A6E-806B-FC653C93A92A}.Release|Any CPU.ActiveCfg = Release|Any CPU
		{FF13C2BF-5E1D-4A6E-806B-FC653C93A92A}.Release|Any CPU.Build.0 = Release|Any CPU
		{88B32728-2906-4C46-9EEE-4EA8CE05811A}.Debug|Any CPU.ActiveCfg = Debug|Any CPU
		{88B32728-2906-4C46-9EEE-4EA8CE05811A}.Debug|Any CPU.Build.0 = Debug|Any CPU
		{88B32728-2906-4C46-9EEE-4EA8CE05811A}.Release|Any CPU.ActiveCfg = Release|Any CPU
		{88B32728-2906-4C46-9EEE-4EA8CE05811A}.Release|Any CPU.Build.0 = Release|Any CPU
		{5A36CA1E-8EBE-43C4-ABA2-996E62C39875}.Debug|Any CPU.ActiveCfg = Debug|Any CPU
		{5A36CA1E-8EBE-43C4-ABA2-996E62C39875}.Debug|Any CPU.Build.0 = Debug|Any CPU
		{5A36CA1E-8EBE-43C4-ABA2-996E62C39875}.Release|Any CPU.ActiveCfg = Release|Any CPU
		{5A36CA1E-8EBE-43C4-ABA2-996E62C39875}.Release|Any CPU.Build.0 = Release|Any CPU
		{6403CB91-6796-4D39-81A5-A247C7DDDEBB}.Debug|Any CPU.ActiveCfg = Debug|Any CPU
		{6403CB91-6796-4D39-81A5-A247C7DDDEBB}.Debug|Any CPU.Build.0 = Debug|Any CPU
		{6403CB91-6796-4D39-81A5-A247C7DDDEBB}.Release|Any CPU.ActiveCfg = Release|Any CPU
		{6403CB91-6796-4D39-81A5-A247C7DDDEBB}.Release|Any CPU.Build.0 = Release|Any CPU
	EndGlobalSection
	GlobalSection(SolutionProperties) = preSolution
		HideSolutionNode = FALSE
	EndGlobalSection
EndGlobal
